{
    "_meta": {
        "hash": {
            "sha256": "9a409706a663cbbe316233935740c8302b8e2f1521852582908a3c2f446c24ae"
        },
        "pipfile-spec": 6,
        "requires": {
            "python_version": "3.7"
        },
        "sources": [
            {
                "name": "pypi",
                "url": "https://pypi.org/simple",
                "verify_ssl": true
            }
        ]
    },
    "default": {
        "paho-mqtt": {
            "hashes": [
                "sha256:9feb068e822be7b3a116324e01fb6028eb1d66412bf98595ae72698965cb1cae"
            ],
            "index": "pypi",
            "version": "==1.5.1"
        },
        "rpi.gpio": {
            "hashes": [
                "sha256:7424bc6c205466764f30f666c18187a0824077daf20b295c42f08aea2cb87d3f"
            ],
            "index": "pypi",
            "version": "==0.7.0"
        }
    },
    "develop": {}
}
